
Microsoft Visual Studio Solution File, Format Version 12.00
# Visual Studio Version 17
VisualStudioVersion = 17.1.32421.90
MinimumVisualStudioVersion = 10.0.40219.1
Project("{FAE04EC0-301F-11D3-BF4B-00C04F79EFBC}") = "MyFirstForm", "MyFirstForm\MyFirstForm.csproj", "{8500DEFE-8AA8-427A-8365-19BBB49DF942}"
EndProject
Global
	GlobalSection(SolutionConfigurationPlatforms) = preSolution
		Debug|Any CPU = Debug|Any CPU
		Release|Any CPU = Release|Any CPU
	EndGlobalSection
	GlobalSection(ProjectConfigurationPlatforms) = postSolution
		{8500DEFE-8AA8-427A-8365-19BBB49DF942}.Debug|Any CPU.ActiveCfg = Debug|Any CPU
		{8500DEFE-8AA8-427A-8365-19BBB49DF942}.Debug|Any CPU.Build.0 = Debug|Any CPU
		{8500DEFE-8AA8-427A-8365-19BBB49DF942}.Release|Any CPU.ActiveCfg = Release|Any CPU
		{8500DEFE-8AA8-427A-8365-19BBB49DF942}.Release|Any CPU.Build.0 = Release|Any CPU
	EndGlobalSection
	GlobalSection(SolutionProperties) = preSolution
		HideSolutionNode = FALSE
	EndGlobalSection
	GlobalSection(ExtensibilityGlobals) = postSolution
		SolutionGuid = {6ED9F9FF-2841-4FFD-B7F7-D89D2BA142C0}
	EndGlobalSection
EndGlobal
